
Microsoft Visual Studio Solution File, Format Version 12.00
# Visual Studio 15
VisualStudioVersion = 15.0.27130.2036
MinimumVisualStudioVersion = 10.0.40219.1
Project("{FAE04EC0-301F-11D3-BF4B-00C04F79EFBC}") = "Lab9", "Lab9\Lab9.csproj", "{0A113FBC-A700-43FD-9AE3-47B5EF515FEB}"
EndProject
Global
	GlobalSection(SolutionConfigurationPlatforms) = preSolution
		Debug|Any CPU = Debug|Any CPU
		Release|Any CPU = Release|Any CPU
	EndGlobalSection
	GlobalSection(ProjectConfigurationPlatforms) = postSolution
		{0A113FBC-A700-43FD-9AE3-47B5EF515FEB}.Debug|Any CPU.ActiveCfg = Debug|Any CPU
		{0A113FBC-A700-43FD-9AE3-47B5EF515FEB}.Debug|Any CPU.Build.0 = Debug|Any CPU
		{0A113FBC-A700-43FD-9AE3-47B5EF515FEB}.Release|Any CPU.ActiveCfg = Release|Any CPU
		{0A113FBC-A700-43FD-9AE3-47B5EF515FEB}.Release|Any CPU.Build.0 = Release|Any CPU
	EndGlobalSection
	GlobalSection(SolutionProperties) = preSolution
		HideSolutionNode = FALSE
	EndGlobalSection
	GlobalSection(ExtensibilityGlobals) = postSolution
		SolutionGuid = {08950B17-03AD-4069-AA60-385C3B5A1302}
	EndGlobalSection
EndGlobal
